#MicroXplorer Configuration settings - do not modify
ADC.IPParameters=LowPowerAutoWait,LowPowerAutoPowerOff,SamplingTime,Rank
ADC.LowPowerAutoPowerOff=ENABLE
ADC.LowPowerAutoWait=ENABLE
ADC.Rank=ADC_RANK_CHANNEL_NUMBER
ADC.SamplingTime=ADC_SAMPLETIME_239CYCLES_5
File.Version=6
I2C1.I2C_Speed_Mode=I2C_Fast
I2C1.IPParameters=Timing,I2C_Speed_Mode,OwnAddress,OwnAddress2Masks
I2C1.OwnAddress=4
I2C1.OwnAddress2Masks=I2C_OA2_NOMASK
I2C1.Timing=0x2010091A
KeepUserPlacement=false
Mcu.Family=STM32F0
Mcu.IP0=ADC
Mcu.IP1=I2C1
Mcu.IP2=NVIC
Mcu.IP3=RCC
Mcu.IP4=RTC
Mcu.IP5=SYS
Mcu.IP6=TIM2
Mcu.IP7=TIM14
Mcu.IP8=USART1
Mcu.IPNb=9
Mcu.Name=STM32F031C(4-6)Tx
Mcu.Package=LQFP48
Mcu.Pin0=PC14-OSC32_IN
Mcu.Pin1=PC15-OSC32_OUT
Mcu.Pin10=PA9
Mcu.Pin11=PA10
Mcu.Pin12=PA13
Mcu.Pin13=PA14
Mcu.Pin14=VP_ADC_TempSens_Input
Mcu.Pin15=VP_ADC_Vref_Input
Mcu.Pin16=VP_ADC_Vbat_Input
Mcu.Pin17=VP_RTC_VS_RTC_Activate
Mcu.Pin18=VP_SYS_VS_Systick
Mcu.Pin19=VP_TIM2_VS_ClockSourceINT
Mcu.Pin2=PF0-OSC_IN
Mcu.Pin20=VP_TIM14_VS_ClockSourceINT
Mcu.Pin21=VP_TIM14_VS_NoInput1
Mcu.Pin3=PA0
Mcu.Pin4=PA1
Mcu.Pin5=PA2
Mcu.Pin6=PA3
Mcu.Pin7=PB10
Mcu.Pin8=PB11
Mcu.Pin9=PB15
Mcu.PinsNb=22
Mcu.UserConstants=
Mcu.UserName=STM32F031C6Tx
MxCube.Version=4.20.0
MxDb.Version=DB.4.0.200
NVIC.ADC1_IRQn=true\:3\:0\:true\:false\:true
NVIC.HardFault_IRQn=true\:0\:0\:false\:false\:true
NVIC.I2C1_IRQn=true\:1\:0\:true\:false\:true
NVIC.NonMaskableInt_IRQn=true\:0\:0\:false\:false\:true
NVIC.PendSV_IRQn=true\:1\:0\:true\:false\:true
NVIC.SVC_IRQn=true\:1\:0\:true\:false\:true
NVIC.SysTick_IRQn=true\:1\:0\:true\:false\:true
NVIC.TIM14_IRQn=true\:3\:0\:true\:false\:true
NVIC.TIM2_IRQn=true\:0\:0\:false\:false\:true
NVIC.USART1_IRQn=true\:2\:0\:true\:false\:true
PA0.Signal=S_TIM2_CH1_ETR
PA1.Signal=S_TIM2_CH2
PA10.Mode=Asynchronous
PA10.Signal=USART1_RX
PA13.Mode=Serial_Wire
PA13.Signal=SYS_SWDIO
PA14.Mode=Serial_Wire
PA14.Signal=SYS_SWCLK
PA2.Signal=S_TIM2_CH3
PA3.Signal=S_TIM2_CH4
PA9.Mode=Asynchronous
PA9.Signal=USART1_TX
PB10.Mode=I2C
PB10.Signal=I2C1_SCL
PB11.Mode=I2C
PB11.Signal=I2C1_SDA
PB15.Mode=Reference_Clock_Detection_Activate
PB15.Signal=RTC_REFIN
PC14-OSC32_IN.Mode=LSE-External-Oscillator
PC14-OSC32_IN.Signal=RCC_OSC32_IN
PC15-OSC32_OUT.Mode=LSE-External-Oscillator
PC15-OSC32_OUT.Signal=RCC_OSC32_OUT
PCC.Battery=Li-MnO2(CR2032)
PCC.Battery.Capacity=225.0
PCC.Battery.Compatibility=Yes
PCC.Battery.InParallel=1
PCC.Battery.InSeries=1
PCC.Battery.MaxContinuous=3.0
PCC.Battery.MaxPulseCurrent=15.0
PCC.Battery.NominalVoltage=3.0
PCC.Battery.SelfDischarge=0.12
PCC.Checker=false
PCC.Line=STM32F0x1
PCC.MCU=STM32F031C(4-6)Tx
PCC.MXVersion=4.20.0
PCC.PartNumber=STM32F031C6Tx
PCC.Seq0=0
PCC.Series=STM32F0
PCC.Temperature=25
PCC.Vdd=3.6
PF0-OSC_IN.Mode=HSE-External-Clock-Source
PF0-OSC_IN.Signal=RCC_OSC_IN
ProjectManager.AskForMigrate=true
ProjectManager.BackupPrevious=false
ProjectManager.CompilerOptimize=2
ProjectManager.ComputerToolchain=false
ProjectManager.CoupleFile=false
ProjectManager.CustomerFirmwarePackage=
ProjectManager.DefaultFWLocation=true
ProjectManager.DeletePrevious=true
ProjectManager.DeviceId=STM32F031C6Tx
ProjectManager.FirmwarePackage=STM32Cube FW_F0 V1.7.0
ProjectManager.FreePins=false
ProjectManager.HalAssertFull=false
ProjectManager.HeapSize=0x200
ProjectManager.KeepUserCode=true
ProjectManager.LastFirmware=true
ProjectManager.LibraryCopy=1
ProjectManager.PreviousToolchain=SW4STM32
ProjectManager.ProjectBuild=false
ProjectManager.ProjectFileName=input-capture-i2c-f031.ioc
ProjectManager.ProjectName=input-capture-i2c-f031
ProjectManager.StackSize=0x400
ProjectManager.TargetToolchain=SW4STM32
ProjectManager.ToolChainLocation=
ProjectManager.UnderRoot=true
ProjectManager.functionlistsort=1-MX_GPIO_Init-GPIO-false-HAL,2-SystemClock_Config-RCC-false-HAL,3-MX_ADC_Init-ADC-false-HAL,4-MX_I2C1_Init-I2C1-false-HAL,5-MX_RTC_Init-RTC-false-HAL,6-MX_TIM2_Init-TIM2-false-HAL,7-MX_TIM14_Init-TIM14-false-HAL,8-MX_USART1_UART_Init-USART1-false-HAL
RCC.AHBFreq_Value=48000000
RCC.APB1Freq_Value=48000000
RCC.APB1TimFreq_Value=48000000
RCC.CECEnable=false
RCC.ClockTypeHCLK=RCC_CLOCKTYPE_HCLK
RCC.ClockTypePCLK1=RCC_CLOCKTYPE_PCLK1
RCC.DATA_CACHE_ENABLE=0
RCC.EnableHSE=true
RCC.EnableHSERTCDevisor=true
RCC.EnableLSE=true
RCC.EnableLSERTC=true
RCC.EnableMCOMultDivisor=false
RCC.FCLKCortexFreq_Value=48000000
RCC.FamilyName=M
RCC.HCLKFreq_Value=48000000
RCC.HSEState=RCC_HSE_BYPASS
RCC.HSE_VALUE=12000000
RCC.HSI14State=RCC_HSI14_ON
RCC.HSI48State=RCC_HSI48_OFF
RCC.HSIState=RCC_HSI_ON
RCC.I2C1Enable=true
RCC.I2C1Freq_Value=48000000
RCC.I2SFreq_Value=48000000
RCC.I2c1ClockSelection=RCC_I2C1CLKSOURCE_SYSCLK
RCC.INSTRUCTION_CACHE_ENABLE=0
RCC.IPParameters=AHBFreq_Value,APB1Freq_Value,APB1TimFreq_Value,CECEnable,ClockTypeHCLK,ClockTypePCLK1,DATA_CACHE_ENABLE,EnableHSE,EnableHSERTCDevisor,EnableLSE,EnableLSERTC,EnableMCOMultDivisor,FCLKCortexFreq_Value,FamilyName,HCLKFreq_Value,HSEState,HSE_VALUE,HSI14State,HSI48State,HSIState,I2C1Enable,I2C1Freq_Value,I2SFreq_Value,I2c1ClockSelection,INSTRUCTION_CACHE_ENABLE,IWDGEnable,LSEState,LSIState,MCOEnable,MCOFreq_Value,OscillatorTypeHSE,OscillatorTypeHSI14,OscillatorTypeLSE,OscillatorTypeLSI,PLLCLKFreq_Value,PLLMCOFreq_Value,PLLMUL,PLLSource,PLLSourceVirtual,PLLState,RCC_PERIPHCLK_I2C1Var,RCC_PERIPHCLK_RTCVar,RCC_PERIPHCLK_USART1Var,RTCClockSelection,RTCEnable,RTCFreq_Value,SYSCLKFreq_VALUE,SYSCLKSource,TimSysFreq_Value,USART1Enable,USART1Freq_Value,USART2Enable,USBEnable,VCOOutput2Freq_Value
RCC.IWDGEnable=false
RCC.LSEState=RCC_LSE_ON
RCC.LSIState=RCC_LSI_OFF
RCC.MCOEnable=false
RCC.MCOFreq_Value=48000000
RCC.OscillatorTypeHSE=RCC_OSCILLATORTYPE_HSE
RCC.OscillatorTypeHSI14=RCC_OSCILLATORTYPE_HSI14
RCC.OscillatorTypeLSE=RCC_OSCILLATORTYPE_LSE
RCC.OscillatorTypeLSI=
RCC.PLLCLKFreq_Value=48000000
RCC.PLLMCOFreq_Value=48000000
RCC.PLLMUL=RCC_PLL_MUL4
RCC.PLLSource=RCC_PLLSOURCE_HSE
RCC.PLLSourceVirtual=RCC_PLLSOURCE_HSE
RCC.PLLState=RCC_PLL_ON
RCC.RCC_PERIPHCLK_I2C1Var=RCC_PERIPHCLK_I2C1
RCC.RCC_PERIPHCLK_RTCVar=RCC_PERIPHCLK_RTC
RCC.RCC_PERIPHCLK_USART1Var=RCC_PERIPHCLK_USART1
RCC.RTCClockSelection=RCC_RTCCLKSOURCE_LSE
RCC.RTCEnable=true
RCC.RTCFreq_Value=32768
RCC.SYSCLKFreq_VALUE=48000000
RCC.SYSCLKSource=RCC_SYSCLKSOURCE_PLLCLK
RCC.TimSysFreq_Value=48000000
RCC.USART1Enable=true
RCC.USART1Freq_Value=48000000
RCC.USART2Enable=false
RCC.USBEnable=false
RCC.VCOOutput2Freq_Value=12000000
RTC.AsynchPrediv=31
RTC.IPParameters=AsynchPrediv,SynchPrediv,OutPut,OutPutPolarity,OutPutType
RTC.IPParametersWithoutCheck=AsynchPrediv,SynchPrediv
RTC.OutPut=RTC_OUTPUT_DISABLE
RTC.OutPutPolarity=RTC_OUTPUT_POLARITY_HIGH
RTC.OutPutType=RTC_OUTPUT_TYPE_OPENDRAIN
RTC.SynchPrediv=1023
SH.S_TIM2_CH1_ETR.0=TIM2_CH1,Input_Capture1_from_TI1
SH.S_TIM2_CH1_ETR.ConfNb=1
SH.S_TIM2_CH2.0=TIM2_CH2,Input_Capture2_from_TI2
SH.S_TIM2_CH2.ConfNb=1
SH.S_TIM2_CH3.0=TIM2_CH3,Input_Capture3_from_TI3
SH.S_TIM2_CH3.ConfNb=1
SH.S_TIM2_CH4.0=TIM2_CH4,Input_Capture4_from_TI4
SH.S_TIM2_CH4.ConfNb=1
TIM14.Channel=TIM_CHANNEL_1
TIM14.IPParameters=TIM14_TI1_REMAP,Period,Prescaler,Channel
TIM14.Period=65535
TIM14.Prescaler=47
TIM14.TIM14_TI1_REMAP=TIM_TIM14_RTC
TIM2.Channel-Input_Capture1_from_TI1=TIM_CHANNEL_1
TIM2.Channel-Input_Capture2_from_TI2=TIM_CHANNEL_2
TIM2.Channel-Input_Capture3_from_TI3=TIM_CHANNEL_3
TIM2.Channel-Input_Capture4_from_TI4=TIM_CHANNEL_4
TIM2.ICFilter_CH1=3
TIM2.ICFilter_CH2=3
TIM2.ICFilter_CH3=3
TIM2.ICFilter_CH4=3
TIM2.IPParameters=Channel-Input_Capture2_from_TI2,Channel-Input_Capture3_from_TI3,Channel-Input_Capture4_from_TI4,Period,TIM_MasterOutputTrigger,Channel-Input_Capture1_from_TI1,ICFilter_CH1,ICFilter_CH2,ICFilter_CH3,ICFilter_CH4
TIM2.Period=4294967295
TIM2.TIM_MasterOutputTrigger=TIM_TRGO_UPDATE
USART1.BaudRate=115200
USART1.HwFlowCtl-Asynchronous=UART_HWCONTROL_NONE
USART1.IPParameters=BaudRate,VirtualMode-Asynchronous,HwFlowCtl-Asynchronous
USART1.VirtualMode-Asynchronous=VM_ASYNC
VP_ADC_TempSens_Input.Mode=IN-TempSens
VP_ADC_TempSens_Input.Signal=ADC_TempSens_Input
VP_ADC_Vbat_Input.Mode=IN-Vbat
VP_ADC_Vbat_Input.Signal=ADC_Vbat_Input
VP_ADC_Vref_Input.Mode=IN-Vrefint
VP_ADC_Vref_Input.Signal=ADC_Vref_Input
VP_RTC_VS_RTC_Activate.Mode=RTC_Enabled
VP_RTC_VS_RTC_Activate.Signal=RTC_VS_RTC_Activate
VP_SYS_VS_Systick.Mode=SysTick
VP_SYS_VS_Systick.Signal=SYS_VS_Systick
VP_TIM14_VS_ClockSourceINT.Mode=Enable_Timer
VP_TIM14_VS_ClockSourceINT.Signal=TIM14_VS_ClockSourceINT
VP_TIM14_VS_NoInput1.Mode=Input_Capture1_from_TI1_REMAP_TIM14
VP_TIM14_VS_NoInput1.Signal=TIM14_VS_NoInput1
VP_TIM2_VS_ClockSourceINT.Mode=Internal
VP_TIM2_VS_ClockSourceINT.Signal=TIM2_VS_ClockSourceINT
board=input-capture-i2c-f031
